
Microsoft Visual Studio Solution File, Format Version 12.00
# Visual Studio Version 17
VisualStudioVersion = 17.14.36221.1
MinimumVisualStudioVersion = 10.0.40219.1
Project("{FAE04EC0-301F-11D3-BF4B-00C04F79EFBC}") = "PriorityDispatcher.API", "PriorityDispatcher.API\PriorityDispatcher.API.csproj", "{EBA45EE7-1BFC-418B-8035-B67F5476C3C5}"
EndProject
Project("{FAE04EC0-301F-11D3-BF4B-00C04F79EFBC}") = "PriorityDispatcher.Contracts", "PriorityDispatcher.Contracts\PriorityDispatcher.Contracts.csproj", "{A992EAB6-00B6-2D2A-8349-CBE68D8FF2B8}"
EndProject
Project("{FAE04EC0-301F-11D3-BF4B-00C04F79EFBC}") = "PriorityDispatcher.Services", "PriorityDispatcher.Services\PriorityDispatcher.Services.csproj", "{23379E2B-3EBC-5EDD-2B11-4CF2B0FE19BF}"
EndProject
Global
	GlobalSection(SolutionConfigurationPlatforms) = preSolution
		Debug|Any CPU = Debug|Any CPU
		Release|Any CPU = Release|Any CPU
	EndGlobalSection
	GlobalSection(ProjectConfigurationPlatforms) = postSolution
		{EBA45EE7-1BFC-418B-8035-B67F5476C3C5}.Debug|Any CPU.ActiveCfg = Debug|Any CPU
		{EBA45EE7-1BFC-418B-8035-B67F5476C3C5}.Debug|Any CPU.Build.0 = Debug|Any CPU
		{EBA45EE7-1BFC-418B-8035-B67F5476C3C5}.Release|Any CPU.ActiveCfg = Release|Any CPU
		{EBA45EE7-1BFC-418B-8035-B67F5476C3C5}.Release|Any CPU.Build.0 = Release|Any CPU
		{A992EAB6-00B6-2D2A-8349-CBE68D8FF2B8}.Debug|Any CPU.ActiveCfg = Debug|Any CPU
		{A992EAB6-00B6-2D2A-8349-CBE68D8FF2B8}.Debug|Any CPU.Build.0 = Debug|Any CPU
		{A992EAB6-00B6-2D2A-8349-CBE68D8FF2B8}.Release|Any CPU.ActiveCfg = Release|Any CPU
		{A992EAB6-00B6-2D2A-8349-CBE68D8FF2B8}.Release|Any CPU.Build.0 = Release|Any CPU
		{23379E2B-3EBC-5EDD-2B11-4CF2B0FE19BF}.Debug|Any CPU.ActiveCfg = Debug|Any CPU
		{23379E2B-3EBC-5EDD-2B11-4CF2B0FE19BF}.Debug|Any CPU.Build.0 = Debug|Any CPU
		{23379E2B-3EBC-5EDD-2B11-4CF2B0FE19BF}.Release|Any CPU.ActiveCfg = Release|Any CPU
		{23379E2B-3EBC-5EDD-2B11-4CF2B0FE19BF}.Release|Any CPU.Build.0 = Release|Any CPU
	EndGlobalSection
	GlobalSection(SolutionProperties) = preSolution
		HideSolutionNode = FALSE
	EndGlobalSection
	GlobalSection(ExtensibilityGlobals) = postSolution
		SolutionGuid = {5FBF1031-6F6B-4528-B23A-D38B35306EE3}
	EndGlobalSection
EndGlobal
