
Microsoft Visual Studio Solution File, Format Version 12.00
# Visual Studio Version 17
VisualStudioVersion = 17.14.36221.1
MinimumVisualStudioVersion = 10.0.40219.1
Project("{FAE04EC0-301F-11D3-BF4B-00C04F79EFBC}") = "PriorityDispatcher.Contracts", "PriorityDispatcher.Core\PriorityDispatcher.Contracts.csproj", "{15848C58-F398-4279-B9EB-4C02CA03E304}"
EndProject
Project("{FAE04EC0-301F-11D3-BF4B-00C04F79EFBC}") = "PriorityDispatcher.Services", "PriorityDispatcher.Infrastructure\PriorityDispatcher.Services.csproj", "{90CEC9DA-912E-4F9F-B35F-A98151845F9F}"
EndProject
Project("{FAE04EC0-301F-11D3-BF4B-00C04F79EFBC}") = "PriorityDispatcher.API", "PriorityDispatcher.API\PriorityDispatcher.API.csproj", "{EBA45EE7-1BFC-418B-8035-B67F5476C3C5}"
EndProject
Global
	GlobalSection(SolutionConfigurationPlatforms) = preSolution
		Debug|Any CPU = Debug|Any CPU
		Release|Any CPU = Release|Any CPU
	EndGlobalSection
	GlobalSection(ProjectConfigurationPlatforms) = postSolution
		{15848C58-F398-4279-B9EB-4C02CA03E304}.Debug|Any CPU.ActiveCfg = Debug|Any CPU
		{15848C58-F398-4279-B9EB-4C02CA03E304}.Debug|Any CPU.Build.0 = Debug|Any CPU
		{15848C58-F398-4279-B9EB-4C02CA03E304}.Release|Any CPU.ActiveCfg = Release|Any CPU
		{15848C58-F398-4279-B9EB-4C02CA03E304}.Release|Any CPU.Build.0 = Release|Any CPU
		{90CEC9DA-912E-4F9F-B35F-A98151845F9F}.Debug|Any CPU.ActiveCfg = Debug|Any CPU
		{90CEC9DA-912E-4F9F-B35F-A98151845F9F}.Debug|Any CPU.Build.0 = Debug|Any CPU
		{90CEC9DA-912E-4F9F-B35F-A98151845F9F}.Release|Any CPU.ActiveCfg = Release|Any CPU
		{90CEC9DA-912E-4F9F-B35F-A98151845F9F}.Release|Any CPU.Build.0 = Release|Any CPU
		{EBA45EE7-1BFC-418B-8035-B67F5476C3C5}.Debug|Any CPU.ActiveCfg = Debug|Any CPU
		{EBA45EE7-1BFC-418B-8035-B67F5476C3C5}.Debug|Any CPU.Build.0 = Debug|Any CPU
		{EBA45EE7-1BFC-418B-8035-B67F5476C3C5}.Release|Any CPU.ActiveCfg = Release|Any CPU
		{EBA45EE7-1BFC-418B-8035-B67F5476C3C5}.Release|Any CPU.Build.0 = Release|Any CPU
	EndGlobalSection
	GlobalSection(SolutionProperties) = preSolution
		HideSolutionNode = FALSE
	EndGlobalSection
	GlobalSection(ExtensibilityGlobals) = postSolution
		SolutionGuid = {5FBF1031-6F6B-4528-B23A-D38B35306EE3}
	EndGlobalSection
EndGlobal
